// !$*UTF8*$!
{
	archiveVersion = 1;
	classes = {
	};
	objectVersion = 50;
	objects = {

/* Begin PBXBuildFile section */
		4507E12F21220880003783B9 /* AppDelegate.swift in Sources */ = {isa = PBXBuildFile; fileRef = 4507E12E21220880003783B9 /* AppDelegate.swift */; };
		4507E13421220880003783B9 /* Main.storyboard in Resources */ = {isa = PBXBuildFile; fileRef = 4507E13221220880003783B9 /* Main.storyboard */; };
		4507E13621220881003783B9 /* Assets.xcassets in Resources */ = {isa = PBXBuildFile; fileRef = 4507E13521220881003783B9 /* Assets.xcassets */; };
		4507E13921220881003783B9 /* LaunchScreen.storyboard in Resources */ = {isa = PBXBuildFile; fileRef = 4507E13721220881003783B9 /* LaunchScreen.storyboard */; };
		4507E14621221787003783B9 /* StoryBoardsEnums.swift in Sources */ = {isa = PBXBuildFile; fileRef = 4507E14521221787003783B9 /* StoryBoardsEnums.swift */; };
		4507E14821221981003783B9 /* StoryBoards.swift in Sources */ = {isa = PBXBuildFile; fileRef = 4507E14721221981003783B9 /* StoryBoards.swift */; };
		4507E14B21221A7A003783B9 /* VCExtensions.swift in Sources */ = {isa = PBXBuildFile; fileRef = 4507E14A21221A7A003783B9 /* VCExtensions.swift */; };
		4507E14D21221B00003783B9 /* ColorExtensions.swift in Sources */ = {isa = PBXBuildFile; fileRef = 4507E14C21221B00003783B9 /* ColorExtensions.swift */; };
		45625552212DBDC8009C2901 /* QueryService.swift in Sources */ = {isa = PBXBuildFile; fileRef = 45625551212DBDC8009C2901 /* QueryService.swift */; };
		45625554212DC81B009C2901 /* UserData.swift in Sources */ = {isa = PBXBuildFile; fileRef = 45625553212DC81B009C2901 /* UserData.swift */; };
		45A07424212C845800AE0B4C /* RegisterCellsViewController.swift in Sources */ = {isa = PBXBuildFile; fileRef = 45A07423212C845800AE0B4C /* RegisterCellsViewController.swift */; };
		45DD7301212C6F2800D634FC /* MyCellViewController.swift in Sources */ = {isa = PBXBuildFile; fileRef = 45DD7300212C6F2800D634FC /* MyCellViewController.swift */; };
		45DD7303212C712100D634FC /* FileAccess.swift in Sources */ = {isa = PBXBuildFile; fileRef = 45DD7302212C712100D634FC /* FileAccess.swift */; };
		45DD7305212C715000D634FC /* UserModel.swift in Sources */ = {isa = PBXBuildFile; fileRef = 45DD7304212C715000D634FC /* UserModel.swift */; };
		45DD7309212C723300D634FC /* CellModel.swift in Sources */ = {isa = PBXBuildFile; fileRef = 45DD7308212C723300D634FC /* CellModel.swift */; };
		45DD730B212C750800D634FC /* RegisterViewController.swift in Sources */ = {isa = PBXBuildFile; fileRef = 45DD730A212C750800D634FC /* RegisterViewController.swift */; };
		45DD730D212C792100D634FC /* ButtonStyle.swift in Sources */ = {isa = PBXBuildFile; fileRef = 45DD730C212C792100D634FC /* ButtonStyle.swift */; };
		45F45850212D96B700BAAFF5 /* LogInViewController.swift in Sources */ = {isa = PBXBuildFile; fileRef = 45F4584F212D96B700BAAFF5 /* LogInViewController.swift */; };
		535C0A4F0EA694938719A297 /* Pods_SideWorks.framework in Frameworks */ = {isa = PBXBuildFile; fileRef = 71BB1C225BDDC4261185E4B5 /* Pods_SideWorks.framework */; };
/* End PBXBuildFile section */

/* Begin PBXFileReference section */
		4507E12B21220880003783B9 /* SideWorks.app */ = {isa = PBXFileReference; explicitFileType = wrapper.application; includeInIndex = 0; path = SideWorks.app; sourceTree = BUILT_PRODUCTS_DIR; };
		4507E12E21220880003783B9 /* AppDelegate.swift */ = {isa = PBXFileReference; lastKnownFileType = sourcecode.swift; path = AppDelegate.swift; sourceTree = "<group>"; };
		4507E13321220880003783B9 /* Base */ = {isa = PBXFileReference; lastKnownFileType = file.storyboard; name = Base; path = Base.lproj/Main.storyboard; sourceTree = "<group>"; };
		4507E13521220881003783B9 /* Assets.xcassets */ = {isa = PBXFileReference; lastKnownFileType = folder.assetcatalog; path = Assets.xcassets; sourceTree = "<group>"; };
		4507E13821220881003783B9 /* Base */ = {isa = PBXFileReference; lastKnownFileType = file.storyboard; name = Base; path = Base.lproj/LaunchScreen.storyboard; sourceTree = "<group>"; };
		4507E13A21220881003783B9 /* Info.plist */ = {isa = PBXFileReference; lastKnownFileType = text.plist.xml; path = Info.plist; sourceTree = "<group>"; };
		4507E14521221787003783B9 /* StoryBoardsEnums.swift */ = {isa = PBXFileReference; lastKnownFileType = sourcecode.swift; path = StoryBoardsEnums.swift; sourceTree = "<group>"; };
		4507E14721221981003783B9 /* StoryBoards.swift */ = {isa = PBXFileReference; lastKnownFileType = sourcecode.swift; path = StoryBoards.swift; sourceTree = "<group>"; };
		4507E14A21221A7A003783B9 /* VCExtensions.swift */ = {isa = PBXFileReference; lastKnownFileType = sourcecode.swift; path = VCExtensions.swift; sourceTree = "<group>"; };
		4507E14C21221B00003783B9 /* ColorExtensions.swift */ = {isa = PBXFileReference; lastKnownFileType = sourcecode.swift; path = ColorExtensions.swift; sourceTree = "<group>"; };
		45625551212DBDC8009C2901 /* QueryService.swift */ = {isa = PBXFileReference; lastKnownFileType = sourcecode.swift; path = QueryService.swift; sourceTree = "<group>"; };
		45625553212DC81B009C2901 /* UserData.swift */ = {isa = PBXFileReference; lastKnownFileType = sourcecode.swift; path = UserData.swift; sourceTree = "<group>"; };
		45A07423212C845800AE0B4C /* RegisterCellsViewController.swift */ = {isa = PBXFileReference; lastKnownFileType = sourcecode.swift; path = RegisterCellsViewController.swift; sourceTree = "<group>"; };
		45DD7300212C6F2800D634FC /* MyCellViewController.swift */ = {isa = PBXFileReference; lastKnownFileType = sourcecode.swift; path = MyCellViewController.swift; sourceTree = "<group>"; };
		45DD7302212C712100D634FC /* FileAccess.swift */ = {isa = PBXFileReference; lastKnownFileType = sourcecode.swift; path = FileAccess.swift; sourceTree = "<group>"; };
		45DD7304212C715000D634FC /* UserModel.swift */ = {isa = PBXFileReference; lastKnownFileType = sourcecode.swift; path = UserModel.swift; sourceTree = "<group>"; };
		45DD7308212C723300D634FC /* CellModel.swift */ = {isa = PBXFileReference; lastKnownFileType = sourcecode.swift; path = CellModel.swift; sourceTree = "<group>"; };
		45DD730A212C750800D634FC /* RegisterViewController.swift */ = {isa = PBXFileReference; lastKnownFileType = sourcecode.swift; path = RegisterViewController.swift; sourceTree = "<group>"; };
		45DD730C212C792100D634FC /* ButtonStyle.swift */ = {isa = PBXFileReference; lastKnownFileType = sourcecode.swift; path = ButtonStyle.swift; sourceTree = "<group>"; };
		45F4584F212D96B700BAAFF5 /* LogInViewController.swift */ = {isa = PBXFileReference; lastKnownFileType = sourcecode.swift; path = LogInViewController.swift; sourceTree = "<group>"; };
		71BB1C225BDDC4261185E4B5 /* Pods_SideWorks.framework */ = {isa = PBXFileReference; explicitFileType = wrapper.framework; includeInIndex = 0; path = Pods_SideWorks.framework; sourceTree = BUILT_PRODUCTS_DIR; };
		AB18A98EF4E9D3AB300D7ED7 /* Pods-SideWorks.debug.xcconfig */ = {isa = PBXFileReference; includeInIndex = 1; lastKnownFileType = text.xcconfig; name = "Pods-SideWorks.debug.xcconfig"; path = "Pods/Target Support Files/Pods-SideWorks/Pods-SideWorks.debug.xcconfig"; sourceTree = "<group>"; };
		C49EB88745B62F2281FC5855 /* Pods-SideWorks.release.xcconfig */ = {isa = PBXFileReference; includeInIndex = 1; lastKnownFileType = text.xcconfig; name = "Pods-SideWorks.release.xcconfig"; path = "Pods/Target Support Files/Pods-SideWorks/Pods-SideWorks.release.xcconfig"; sourceTree = "<group>"; };
/* End PBXFileReference section */

/* Begin PBXFrameworksBuildPhase section */
		4507E12821220880003783B9 /* Frameworks */ = {
			isa = PBXFrameworksBuildPhase;
			buildActionMask = 2147483647;
			files = (
				535C0A4F0EA694938719A297 /* Pods_SideWorks.framework in Frameworks */,
			);
			runOnlyForDeploymentPostprocessing = 0;
		};
/* End PBXFrameworksBuildPhase section */

/* Begin PBXGroup section */
		4507E12221220880003783B9 = {
			isa = PBXGroup;
			children = (
				4507E12D21220880003783B9 /* SideWorks */,
				4507E12C21220880003783B9 /* Products */,
				DF7F047FF466D8CC5EDC038B /* Pods */,
				FC6C39B5EBC93E617661CF87 /* Frameworks */,
			);
			sourceTree = "<group>";
		};
		4507E12C21220880003783B9 /* Products */ = {
			isa = PBXGroup;
			children = (
				4507E12B21220880003783B9 /* SideWorks.app */,
			);
			name = Products;
			sourceTree = "<group>";
		};
		4507E12D21220880003783B9 /* SideWorks */ = {
			isa = PBXGroup;
			children = (
				4507E12E21220880003783B9 /* AppDelegate.swift */,
				4507E13521220881003783B9 /* Assets.xcassets */,
				4507E1412122108D003783B9 /* Controllers */,
				4507E143212210A4003783B9 /* Dao */,
				4507E14921221A62003783B9 /* Extensions */,
				4507E13A21220881003783B9 /* Info.plist */,
				4507E14221221095003783B9 /* Models */,
				4507E144212210B6003783B9 /* Storyboards */,
				4507E14021221074003783B9 /* Style */,
			);
			path = SideWorks;
			sourceTree = "<group>";
		};
		4507E14021221074003783B9 /* Style */ = {
			isa = PBXGroup;
			children = (
				45DD730C212C792100D634FC /* ButtonStyle.swift */,
			);
			path = Style;
			sourceTree = "<group>";
		};
		4507E1412122108D003783B9 /* Controllers */ = {
			isa = PBXGroup;
			children = (
				45DD7300212C6F2800D634FC /* MyCellViewController.swift */,
				45DD730A212C750800D634FC /* RegisterViewController.swift */,
				45A07423212C845800AE0B4C /* RegisterCellsViewController.swift */,
				45F4584F212D96B700BAAFF5 /* LogInViewController.swift */,
			);
			path = Controllers;
			sourceTree = "<group>";
		};
		4507E14221221095003783B9 /* Models */ = {
			isa = PBXGroup;
			children = (
				45DD7304212C715000D634FC /* UserModel.swift */,
				45DD7308212C723300D634FC /* CellModel.swift */,
			);
			path = Models;
			sourceTree = "<group>";
		};
		4507E143212210A4003783B9 /* Dao */ = {
			isa = PBXGroup;
			children = (
				45DD7302212C712100D634FC /* FileAccess.swift */,
				45625551212DBDC8009C2901 /* QueryService.swift */,
				45625553212DC81B009C2901 /* UserData.swift */,
			);
			path = Dao;
			sourceTree = "<group>";
		};
		4507E144212210B6003783B9 /* Storyboards */ = {
			isa = PBXGroup;
			children = (
				4507E13721220881003783B9 /* LaunchScreen.storyboard */,
				4507E13221220880003783B9 /* Main.storyboard */,
				4507E14521221787003783B9 /* StoryBoardsEnums.swift */,
				4507E14721221981003783B9 /* StoryBoards.swift */,
			);
			path = Storyboards;
			sourceTree = "<group>";
		};
		4507E14921221A62003783B9 /* Extensions */ = {
			isa = PBXGroup;
			children = (
				4507E14A21221A7A003783B9 /* VCExtensions.swift */,
				4507E14C21221B00003783B9 /* ColorExtensions.swift */,
			);
			path = Extensions;
			sourceTree = "<group>";
		};
		DF7F047FF466D8CC5EDC038B /* Pods */ = {
			isa = PBXGroup;
			children = (
				AB18A98EF4E9D3AB300D7ED7 /* Pods-SideWorks.debug.xcconfig */,
				C49EB88745B62F2281FC5855 /* Pods-SideWorks.release.xcconfig */,
			);
			name = Pods;
			sourceTree = "<group>";
		};
		FC6C39B5EBC93E617661CF87 /* Frameworks */ = {
			isa = PBXGroup;
			children = (
				71BB1C225BDDC4261185E4B5 /* Pods_SideWorks.framework */,
			);
			name = Frameworks;
			sourceTree = "<group>";
		};
/* End PBXGroup section */

/* Begin PBXNativeTarget section */
		4507E12A21220880003783B9 /* SideWorks */ = {
			isa = PBXNativeTarget;
			buildConfigurationList = 4507E13D21220881003783B9 /* Build configuration list for PBXNativeTarget "SideWorks" */;
			buildPhases = (
				BE4DE67EFAA9A3424DAE76C5 /* [CP] Check Pods Manifest.lock */,
				4507E12721220880003783B9 /* Sources */,
				4507E12821220880003783B9 /* Frameworks */,
				4507E12921220880003783B9 /* Resources */,
				FDEA6B45217E16E7E66BC573 /* [CP] Embed Pods Frameworks */,
			);
			buildRules = (
			);
			dependencies = (
			);
			name = SideWorks;
			productName = SideWorks;
			productReference = 4507E12B21220880003783B9 /* SideWorks.app */;
			productType = "com.apple.product-type.application";
		};
/* End PBXNativeTarget section */

/* Begin PBXProject section */
		4507E12321220880003783B9 /* Project object */ = {
			isa = PBXProject;
			attributes = {
				LastSwiftUpdateCheck = 0940;
				LastUpgradeCheck = 0940;
				ORGANIZATIONNAME = sadcrow;
				TargetAttributes = {
					4507E12A21220880003783B9 = {
						CreatedOnToolsVersion = 9.4.1;
					};
				};
			};
			buildConfigurationList = 4507E12621220880003783B9 /* Build configuration list for PBXProject "SideWorks" */;
			compatibilityVersion = "Xcode 9.3";
			developmentRegion = en;
			hasScannedForEncodings = 0;
			knownRegions = (
				en,
				Base,
			);
			mainGroup = 4507E12221220880003783B9;
			productRefGroup = 4507E12C21220880003783B9 /* Products */;
			projectDirPath = "";
			projectRoot = "";
			targets = (
				4507E12A21220880003783B9 /* SideWorks */,
			);
		};
/* End PBXProject section */

/* Begin PBXResourcesBuildPhase section */
		4507E12921220880003783B9 /* Resources */ = {
			isa = PBXResourcesBuildPhase;
			buildActionMask = 2147483647;
			files = (
				4507E13921220881003783B9 /* LaunchScreen.storyboard in Resources */,
				4507E13621220881003783B9 /* Assets.xcassets in Resources */,
				4507E13421220880003783B9 /* Main.storyboard in Resources */,
			);
			runOnlyForDeploymentPostprocessing = 0;
		};
/* End PBXResourcesBuildPhase section */

/* Begin PBXShellScriptBuildPhase section */
		BE4DE67EFAA9A3424DAE76C5 /* [CP] Check Pods Manifest.lock */ = {
			isa = PBXShellScriptBuildPhase;
			buildActionMask = 2147483647;
			files = (
			);
			inputPaths = (
				"${PODS_PODFILE_DIR_PATH}/Podfile.lock",
				"${PODS_ROOT}/Manifest.lock",
			);
			name = "[CP] Check Pods Manifest.lock";
			outputPaths = (
				"$(DERIVED_FILE_DIR)/Pods-SideWorks-checkManifestLockResult.txt",
			);
			runOnlyForDeploymentPostprocessing = 0;
			shellPath = /bin/sh;
			shellScript = "diff \"${PODS_PODFILE_DIR_PATH}/Podfile.lock\" \"${PODS_ROOT}/Manifest.lock\" > /dev/null\nif [ $? != 0 ] ; then\n    # print error to STDERR\n    echo \"error: The sandbox is not in sync with the Podfile.lock. Run 'pod install' or update your CocoaPods installation.\" >&2\n    exit 1\nfi\n# This output is used by Xcode 'outputs' to avoid re-running this script phase.\necho \"SUCCESS\" > \"${SCRIPT_OUTPUT_FILE_0}\"\n";
			showEnvVarsInLog = 0;
		};
		FDEA6B45217E16E7E66BC573 /* [CP] Embed Pods Frameworks */ = {
			isa = PBXShellScriptBuildPhase;
			buildActionMask = 2147483647;
			files = (
			);
			inputPaths = (
				"${SRCROOT}/Pods/Target Support Files/Pods-SideWorks/Pods-SideWorks-frameworks.sh",
				"${BUILT_PRODUCTS_DIR}/Alamofire/Alamofire.framework",
				"${BUILT_PRODUCTS_DIR}/AlamofireImage/AlamofireImage.framework",
			);
			name = "[CP] Embed Pods Frameworks";
			outputPaths = (
				"${TARGET_BUILD_DIR}/${FRAMEWORKS_FOLDER_PATH}/Alamofire.framework",
				"${TARGET_BUILD_DIR}/${FRAMEWORKS_FOLDER_PATH}/AlamofireImage.framework",
			);
			runOnlyForDeploymentPostprocessing = 0;
			shellPath = /bin/sh;
			shellScript = "\"${SRCROOT}/Pods/Target Support Files/Pods-SideWorks/Pods-SideWorks-frameworks.sh\"\n";
			showEnvVarsInLog = 0;
		};
/* End PBXShellScriptBuildPhase section */

/* Begin PBXSourcesBuildPhase section */
		4507E12721220880003783B9 /* Sources */ = {
			isa = PBXSourcesBuildPhase;
			buildActionMask = 2147483647;
			files = (
				45DD7309212C723300D634FC /* CellModel.swift in Sources */,
				45A07424212C845800AE0B4C /* RegisterCellsViewController.swift in Sources */,
				4507E14821221981003783B9 /* StoryBoards.swift in Sources */,
				45625554212DC81B009C2901 /* UserData.swift in Sources */,
				45DD730B212C750800D634FC /* RegisterViewController.swift in Sources */,
				45625552212DBDC8009C2901 /* QueryService.swift in Sources */,
				45DD7301212C6F2800D634FC /* MyCellViewController.swift in Sources */,
				45DD7303212C712100D634FC /* FileAccess.swift in Sources */,
				45F45850212D96B700BAAFF5 /* LogInViewController.swift in Sources */,
				4507E14B21221A7A003783B9 /* VCExtensions.swift in Sources */,
				45DD730D212C792100D634FC /* ButtonStyle.swift in Sources */,
				4507E14621221787003783B9 /* StoryBoardsEnums.swift in Sources */,
				4507E12F21220880003783B9 /* AppDelegate.swift in Sources */,
				4507E14D21221B00003783B9 /* ColorExtensions.swift in Sources */,
				45DD7305212C715000D634FC /* UserModel.swift in Sources */,
			);
			runOnlyForDeploymentPostprocessing = 0;
		};
/* End PBXSourcesBuildPhase section */

/* Begin PBXVariantGroup section */
		4507E13221220880003783B9 /* Main.storyboard */ = {
			isa = PBXVariantGroup;
			children = (
				4507E13321220880003783B9 /* Base */,
			);
			name = Main.storyboard;
			sourceTree = "<group>";
		};
		4507E13721220881003783B9 /* LaunchScreen.storyboard */ = {
			isa = PBXVariantGroup;
			children = (
				4507E13821220881003783B9 /* Base */,
			);
			name = LaunchScreen.storyboard;
			sourceTree = "<group>";
		};
/* End PBXVariantGroup section */

/* Begin XCBuildConfiguration section */
		4507E13B21220881003783B9 /* Debug */ = {
			isa = XCBuildConfiguration;
			buildSettings = {
				ALWAYS_SEARCH_USER_PATHS = NO;
				CLANG_ANALYZER_NONNULL = YES;
				CLANG_ANALYZER_NUMBER_OBJECT_CONVERSION = YES_AGGRESSIVE;
				CLANG_CXX_LANGUAGE_STANDARD = "gnu++14";
				CLANG_CXX_LIBRARY = "libc++";
				CLANG_ENABLE_MODULES = YES;
				CLANG_ENABLE_OBJC_ARC = YES;
				CLANG_ENABLE_OBJC_WEAK = YES;
				CLANG_WARN_BLOCK_CAPTURE_AUTORELEASING = YES;
				CLANG_WARN_BOOL_CONVERSION = YES;
				CLANG_WARN_COMMA = YES;
				CLANG_WARN_CONSTANT_CONVERSION = YES;
				CLANG_WARN_DEPRECATED_OBJC_IMPLEMENTATIONS = YES;
				CLANG_WARN_DIRECT_OBJC_ISA_USAGE = YES_ERROR;
				CLANG_WARN_DOCUMENTATION_COMMENTS = YES;
				CLANG_WARN_EMPTY_BODY = YES;
				CLANG_WARN_ENUM_CONVERSION = YES;
				CLANG_WARN_INFINITE_RECURSION = YES;
				CLANG_WARN_INT_CONVERSION = YES;
				CLANG_WARN_NON_LITERAL_NULL_CONVERSION = YES;
				CLANG_WARN_OBJC_IMPLICIT_RETAIN_SELF = YES;
				CLANG_WARN_OBJC_LITERAL_CONVERSION = YES;
				CLANG_WARN_OBJC_ROOT_CLASS = YES_ERROR;
				CLANG_WARN_RANGE_LOOP_ANALYSIS = YES;
				CLANG_WARN_STRICT_PROTOTYPES = YES;
				CLANG_WARN_SUSPICIOUS_MOVE = YES;
				CLANG_WARN_UNGUARDED_AVAILABILITY = YES_AGGRESSIVE;
				CLANG_WARN_UNREACHABLE_CODE = YES;
				CLANG_WARN__DUPLICATE_METHOD_MATCH = YES;
				CODE_SIGN_IDENTITY = "iPhone Developer";
				COPY_PHASE_STRIP = NO;
				DEBUG_INFORMATION_FORMAT = dwarf;
				ENABLE_STRICT_OBJC_MSGSEND = YES;
				ENABLE_TESTABILITY = YES;
				GCC_C_LANGUAGE_STANDARD = gnu11;
				GCC_DYNAMIC_NO_PIC = NO;
				GCC_NO_COMMON_BLOCKS = YES;
				GCC_OPTIMIZATION_LEVEL = 0;
				GCC_PREPROCESSOR_DEFINITIONS = (
					"DEBUG=1",
					"$(inherited)",
				);
				GCC_WARN_64_TO_32_BIT_CONVERSION = YES;
				GCC_WARN_ABOUT_RETURN_TYPE = YES_ERROR;
				GCC_WARN_UNDECLARED_SELECTOR = YES;
				GCC_WARN_UNINITIALIZED_AUTOS = YES_AGGRESSIVE;
				GCC_WARN_UNUSED_FUNCTION = YES;
				GCC_WARN_UNUSED_VARIABLE = YES;
				IPHONEOS_DEPLOYMENT_TARGET = 11.4;
				MTL_ENABLE_DEBUG_INFO = YES;
				ONLY_ACTIVE_ARCH = YES;
				SDKROOT = iphoneos;
				SWIFT_ACTIVE_COMPILATION_CONDITIONS = DEBUG;
				SWIFT_OPTIMIZATION_LEVEL = "-Onone";
			};
			name = Debug;
		};
		4507E13C21220881003783B9 /* Release */ = {
			isa = XCBuildConfiguration;
			buildSettings = {
				ALWAYS_SEARCH_USER_PATHS = NO;
				CLANG_ANALYZER_NONNULL = YES;
				CLANG_ANALYZER_NUMBER_OBJECT_CONVERSION = YES_AGGRESSIVE;
				CLANG_CXX_LANGUAGE_STANDARD = "gnu++14";
				CLANG_CXX_LIBRARY = "libc++";
				CLANG_ENABLE_MODULES = YES;
				CLANG_ENABLE_OBJC_ARC = YES;
				CLANG_ENABLE_OBJC_WEAK = YES;
				CLANG_WARN_BLOCK_CAPTURE_AUTORELEASING = YES;
				CLANG_WARN_BOOL_CONVERSION = YES;
				CLANG_WARN_COMMA = YES;
				CLANG_WARN_CONSTANT_CONVERSION = YES;
				CLANG_WARN_DEPRECATED_OBJC_IMPLEMENTATIONS = YES;
				CLANG_WARN_DIRECT_OBJC_ISA_USAGE = YES_ERROR;
				CLANG_WARN_DOCUMENTATION_COMMENTS = YES;
				CLANG_WARN_EMPTY_BODY = YES;
				CLANG_WARN_ENUM_CONVERSION = YES;
				CLANG_WARN_INFINITE_RECURSION = YES;
				CLANG_WARN_INT_CONVERSION = YES;
				CLANG_WARN_NON_LITERAL_NULL_CONVERSION = YES;
				CLANG_WARN_OBJC_IMPLICIT_RETAIN_SELF = YES;
				CLANG_WARN_OBJC_LITERAL_CONVERSION = YES;
				CLANG_WARN_OBJC_ROOT_CLASS = YES_ERROR;
				CLANG_WARN_RANGE_LOOP_ANALYSIS = YES;
				CLANG_WARN_STRICT_PROTOTYPES = YES;
				CLANG_WARN_SUSPICIOUS_MOVE = YES;
				CLANG_WARN_UNGUARDED_AVAILABILITY = YES_AGGRESSIVE;
				CLANG_WARN_UNREACHABLE_CODE = YES;
				CLANG_WARN__DUPLICATE_METHOD_MATCH = YES;
				CODE_SIGN_IDENTITY = "iPhone Developer";
				COPY_PHASE_STRIP = NO;
				DEBUG_INFORMATION_FORMAT = "dwarf-with-dsym";
				ENABLE_NS_ASSERTIONS = NO;
				ENABLE_STRICT_OBJC_MSGSEND = YES;
				GCC_C_LANGUAGE_STANDARD = gnu11;
				GCC_NO_COMMON_BLOCKS = YES;
				GCC_WARN_64_TO_32_BIT_CONVERSION = YES;
				GCC_WARN_ABOUT_RETURN_TYPE = YES_ERROR;
				GCC_WARN_UNDECLARED_SELECTOR = YES;
				GCC_WARN_UNINITIALIZED_AUTOS = YES_AGGRESSIVE;
				GCC_WARN_UNUSED_FUNCTION = YES;
				GCC_WARN_UNUSED_VARIABLE = YES;
				IPHONEOS_DEPLOYMENT_TARGET = 11.4;
				MTL_ENABLE_DEBUG_INFO = NO;
				SDKROOT = iphoneos;
				SWIFT_COMPILATION_MODE = wholemodule;
				SWIFT_OPTIMIZATION_LEVEL = "-O";
				VALIDATE_PRODUCT = YES;
			};
			name = Release;
		};
		4507E13E21220881003783B9 /* Debug */ = {
			isa = XCBuildConfiguration;
			baseConfigurationReference = AB18A98EF4E9D3AB300D7ED7 /* Pods-SideWorks.debug.xcconfig */;
			buildSettings = {
				ASSETCATALOG_COMPILER_APPICON_NAME = AppIcon;
				CODE_SIGN_STYLE = Automatic;
				DEVELOPMENT_TEAM = R2VMW7DS7Z;
				INFOPLIST_FILE = SideWorks/Info.plist;
				LD_RUNPATH_SEARCH_PATHS = (
					"$(inherited)",
					"@executable_path/Frameworks",
				);
				PRODUCT_BUNDLE_IDENTIFIER = com.sadcrow.SideWorks;
				PRODUCT_NAME = "$(TARGET_NAME)";
				SWIFT_VERSION = 4.0;
				TARGETED_DEVICE_FAMILY = "1,2";
			};
			name = Debug;
		};
		4507E13F21220881003783B9 /* Release */ = {
			isa = XCBuildConfiguration;
			baseConfigurationReference = C49EB88745B62F2281FC5855 /* Pods-SideWorks.release.xcconfig */;
			buildSettings = {
				ASSETCATALOG_COMPILER_APPICON_NAME = AppIcon;
				CODE_SIGN_STYLE = Automatic;
				DEVELOPMENT_TEAM = R2VMW7DS7Z;
				INFOPLIST_FILE = SideWorks/Info.plist;
				LD_RUNPATH_SEARCH_PATHS = (
					"$(inherited)",
					"@executable_path/Frameworks",
				);
				PRODUCT_BUNDLE_IDENTIFIER = com.sadcrow.SideWorks;
				PRODUCT_NAME = "$(TARGET_NAME)";
				SWIFT_VERSION = 4.0;
				TARGETED_DEVICE_FAMILY = "1,2";
			};
			name = Release;
		};
/* End XCBuildConfiguration section */

/* Begin XCConfigurationList section */
		4507E12621220880003783B9 /* Build configuration list for PBXProject "SideWorks" */ = {
			isa = XCConfigurationList;
			buildConfigurations = (
				4507E13B21220881003783B9 /* Debug */,
				4507E13C21220881003783B9 /* Release */,
			);
			defaultConfigurationIsVisible = 0;
			defaultConfigurationName = Release;
		};
		4507E13D21220881003783B9 /* Build configuration list for PBXNativeTarget "SideWorks" */ = {
			isa = XCConfigurationList;
			buildConfigurations = (
				4507E13E21220881003783B9 /* Debug */,
				4507E13F21220881003783B9 /* Release */,
			);
			defaultConfigurationIsVisible = 0;
			defaultConfigurationName = Release;
		};
/* End XCConfigurationList section */
	};
	rootObject = 4507E12321220880003783B9 /* Project object */;
}
